
Microsoft Visual Studio Solution File, Format Version 12.00
# Visual Studio Version 16
VisualStudioVersion = 16.0.30204.135
MinimumVisualStudioVersion = 10.0.40219.1
Project("{FAE04EC0-301F-11D3-BF4B-00C04F79EFBC}") = "ModelFirstWebApplication", "ModelFirstWebApplication\ModelFirstWebApplication.csproj", "{9479AFCF-7B43-4AFB-A765-85A174B6CF28}"
EndProject
Global
	GlobalSection(SolutionConfigurationPlatforms) = preSolution
		Debug|Any CPU = Debug|Any CPU
		Release|Any CPU = Release|Any CPU
	EndGlobalSection
	GlobalSection(ProjectConfigurationPlatforms) = postSolution
		{9479AFCF-7B43-4AFB-A765-85A174B6CF28}.Debug|Any CPU.ActiveCfg = Debug|Any CPU
		{9479AFCF-7B43-4AFB-A765-85A174B6CF28}.Debug|Any CPU.Build.0 = Debug|Any CPU
		{9479AFCF-7B43-4AFB-A765-85A174B6CF28}.Release|Any CPU.ActiveCfg = Release|Any CPU
		{9479AFCF-7B43-4AFB-A765-85A174B6CF28}.Release|Any CPU.Build.0 = Release|Any CPU
	EndGlobalSection
	GlobalSection(SolutionProperties) = preSolution
		HideSolutionNode = FALSE
	EndGlobalSection
	GlobalSection(ExtensibilityGlobals) = postSolution
		SolutionGuid = {D9CD6A55-72DA-46AB-81C2-95AAF13A01BD}
	EndGlobalSection
EndGlobal
